
Microsoft Visual Studio Solution File, Format Version 12.00
# Visual Studio Version 17
VisualStudioVersion = 17.5.33414.496
MinimumVisualStudioVersion = 10.0.40219.1
Project("{FAE04EC0-301F-11D3-BF4B-00C04F79EFBC}") = "Snake", "Snake\Snake.csproj", "{1ACB2EBE-965E-4D2D-81DE-E789BEE9973E}"
EndProject
Global
	GlobalSection(SolutionConfigurationPlatforms) = preSolution
		Debug|Any CPU = Debug|Any CPU
		Release|Any CPU = Release|Any CPU
	EndGlobalSection
	GlobalSection(ProjectConfigurationPlatforms) = postSolution
		{1ACB2EBE-965E-4D2D-81DE-E789BEE9973E}.Debug|Any CPU.ActiveCfg = Debug|Any CPU
		{1ACB2EBE-965E-4D2D-81DE-E789BEE9973E}.Debug|Any CPU.Build.0 = Debug|Any CPU
		{1ACB2EBE-965E-4D2D-81DE-E789BEE9973E}.Release|Any CPU.ActiveCfg = Release|Any CPU
		{1ACB2EBE-965E-4D2D-81DE-E789BEE9973E}.Release|Any CPU.Build.0 = Release|Any CPU
	EndGlobalSection
	GlobalSection(SolutionProperties) = preSolution
		HideSolutionNode = FALSE
	EndGlobalSection
	GlobalSection(ExtensibilityGlobals) = postSolution
		SolutionGuid = {E84C4213-9604-40DB-A4B2-3C8161FCBB13}
	EndGlobalSection
EndGlobal
